// !$*UTF8*$!
{
	archiveVersion = 1;
	classes = {
	};
	objectVersion = 56;
	objects = {

/* Begin PBXBuildFile section */
		5FA1572429AACF8600143160 /* AppDelegate.swift in Sources */ = {isa = PBXBuildFile; fileRef = 5FA1572329AACF8600143160 /* AppDelegate.swift */; };
		5FA1572629AACF8600143160 /* SceneDelegate.swift in Sources */ = {isa = PBXBuildFile; fileRef = 5FA1572529AACF8600143160 /* SceneDelegate.swift */; };
		5FA1572829AACF8600143160 /* ViewController.swift in Sources */ = {isa = PBXBuildFile; fileRef = 5FA1572729AACF8600143160 /* ViewController.swift */; };
		5FA1572B29AACF8600143160 /* Main.storyboard in Resources */ = {isa = PBXBuildFile; fileRef = 5FA1572929AACF8600143160 /* Main.storyboard */; };
		5FA1572D29AACF8800143160 /* Assets.xcassets in Resources */ = {isa = PBXBuildFile; fileRef = 5FA1572C29AACF8800143160 /* Assets.xcassets */; };
		5FA1573029AACF8800143160 /* LaunchScreen.storyboard in Resources */ = {isa = PBXBuildFile; fileRef = 5FA1572E29AACF8800143160 /* LaunchScreen.storyboard */; };
		5FA1573B29AACF8800143160 /* CodeRageTests.swift in Sources */ = {isa = PBXBuildFile; fileRef = 5FA1573A29AACF8800143160 /* CodeRageTests.swift */; };
		5FA1574529AACF8800143160 /* CodeRageUITests.swift in Sources */ = {isa = PBXBuildFile; fileRef = 5FA1574429AACF8800143160 /* CodeRageUITests.swift */; };
		5FA1574729AACF8800143160 /* CodeRageUITestsLaunchTests.swift in Sources */ = {isa = PBXBuildFile; fileRef = 5FA1574629AACF8800143160 /* CodeRageUITestsLaunchTests.swift */; };
/* End PBXBuildFile section */

/* Begin PBXContainerItemProxy section */
		5FA1573729AACF8800143160 /* PBXContainerItemProxy */ = {
			isa = PBXContainerItemProxy;
			containerPortal = 5FA1571829AACF8600143160 /* Project object */;
			proxyType = 1;
			remoteGlobalIDString = 5FA1571F29AACF8600143160;
			remoteInfo = CodeRage;
		};
		5FA1574129AACF8800143160 /* PBXContainerItemProxy */ = {
			isa = PBXContainerItemProxy;
			containerPortal = 5FA1571829AACF8600143160 /* Project object */;
			proxyType = 1;
			remoteGlobalIDString = 5FA1571F29AACF8600143160;
			remoteInfo = CodeRage;
		};
/* End PBXContainerItemProxy section */

/* Begin PBXFileReference section */
		5FA1572029AACF8600143160 /* CodeRage.app */ = {isa = PBXFileReference; explicitFileType = wrapper.application; includeInIndex = 0; path = CodeRage.app; sourceTree = BUILT_PRODUCTS_DIR; };
		5FA1572329AACF8600143160 /* AppDelegate.swift */ = {isa = PBXFileReference; lastKnownFileType = sourcecode.swift; path = AppDelegate.swift; sourceTree = "<group>"; };
		5FA1572529AACF8600143160 /* SceneDelegate.swift */ = {isa = PBXFileReference; lastKnownFileType = sourcecode.swift; path = SceneDelegate.swift; sourceTree = "<group>"; };
		5FA1572729AACF8600143160 /* ViewController.swift */ = {isa = PBXFileReference; lastKnownFileType = sourcecode.swift; path = ViewController.swift; sourceTree = "<group>"; };
		5FA1572A29AACF8600143160 /* Base */ = {isa = PBXFileReference; lastKnownFileType = file.storyboard; name = Base; path = Base.lproj/Main.storyboard; sourceTree = "<group>"; };
		5FA1572C29AACF8800143160 /* Assets.xcassets */ = {isa = PBXFileReference; lastKnownFileType = folder.assetcatalog; path = Assets.xcassets; sourceTree = "<group>"; };
		5FA1572F29AACF8800143160 /* Base */ = {isa = PBXFileReference; lastKnownFileType = file.storyboard; name = Base; path = Base.lproj/LaunchScreen.storyboard; sourceTree = "<group>"; };
		5FA1573129AACF8800143160 /* Info.plist */ = {isa = PBXFileReference; lastKnownFileType = text.plist.xml; path = Info.plist; sourceTree = "<group>"; };
		5FA1573629AACF8800143160 /* CodeRageTests.xctest */ = {isa = PBXFileReference; explicitFileType = wrapper.cfbundle; includeInIndex = 0; path = CodeRageTests.xctest; sourceTree = BUILT_PRODUCTS_DIR; };
		5FA1573A29AACF8800143160 /* CodeRageTests.swift */ = {isa = PBXFileReference; lastKnownFileType = sourcecode.swift; path = CodeRageTests.swift; sourceTree = "<group>"; };
		5FA1574029AACF8800143160 /* CodeRageUITests.xctest */ = {isa = PBXFileReference; explicitFileType = wrapper.cfbundle; includeInIndex = 0; path = CodeRageUITests.xctest; sourceTree = BUILT_PRODUCTS_DIR; };
		5FA1574429AACF8800143160 /* CodeRageUITests.swift */ = {isa = PBXFileReference; lastKnownFileType = sourcecode.swift; path = CodeRageUITests.swift; sourceTree = "<group>"; };
		5FA1574629AACF8800143160 /* CodeRageUITestsLaunchTests.swift */ = {isa = PBXFileReference; lastKnownFileType = sourcecode.swift; path = CodeRageUITestsLaunchTests.swift; sourceTree = "<group>"; };
/* End PBXFileReference section */

/* Begin PBXFrameworksBuildPhase section */
		5FA1571D29AACF8600143160 /* Frameworks */ = {
			isa = PBXFrameworksBuildPhase;
			buildActionMask = 2147483647;
			files = (
			);
			runOnlyForDeploymentPostprocessing = 0;
		};
		5FA1573329AACF8800143160 /* Frameworks */ = {
			isa = PBXFrameworksBuildPhase;
			buildActionMask = 2147483647;
			files = (
			);
			runOnlyForDeploymentPostprocessing = 0;
		};
		5FA1573D29AACF8800143160 /* Frameworks */ = {
			isa = PBXFrameworksBuildPhase;
			buildActionMask = 2147483647;
			files = (
			);
			runOnlyForDeploymentPostprocessing = 0;
		};
/* End PBXFrameworksBuildPhase section */

/* Begin PBXGroup section */
		5FA1571729AACF8600143160 = {
			isa = PBXGroup;
			children = (
				5FA1572229AACF8600143160 /* CodeRage */,
				5FA1573929AACF8800143160 /* CodeRageTests */,
				5FA1574329AACF8800143160 /* CodeRageUITests */,
				5FA1572129AACF8600143160 /* Products */,
			);
			sourceTree = "<group>";
		};
		5FA1572129AACF8600143160 /* Products */ = {
			isa = PBXGroup;
			children = (
				5FA1572029AACF8600143160 /* CodeRage.app */,
				5FA1573629AACF8800143160 /* CodeRageTests.xctest */,
				5FA1574029AACF8800143160 /* CodeRageUITests.xctest */,
			);
			name = Products;
			sourceTree = "<group>";
		};
		5FA1572229AACF8600143160 /* CodeRage */ = {
			isa = PBXGroup;
			children = (
				5FA1572329AACF8600143160 /* AppDelegate.swift */,
				5FA1572529AACF8600143160 /* SceneDelegate.swift */,
				5FA1572729AACF8600143160 /* ViewController.swift */,
				5FA1572929AACF8600143160 /* Main.storyboard */,
				5FA1572C29AACF8800143160 /* Assets.xcassets */,
				5FA1572E29AACF8800143160 /* LaunchScreen.storyboard */,
				5FA1573129AACF8800143160 /* Info.plist */,
			);
			path = CodeRage;
			sourceTree = "<group>";
		};
		5FA1573929AACF8800143160 /* CodeRageTests */ = {
			isa = PBXGroup;
			children = (
				5FA1573A29AACF8800143160 /* CodeRageTests.swift */,
			);
			path = CodeRageTests;
			sourceTree = "<group>";
		};
		5FA1574329AACF8800143160 /* CodeRageUITests */ = {
			isa = PBXGroup;
			children = (
				5FA1574429AACF8800143160 /* CodeRageUITests.swift */,
				5FA1574629AACF8800143160 /* CodeRageUITestsLaunchTests.swift */,
			);
			path = CodeRageUITests;
			sourceTree = "<group>";
		};
/* End PBXGroup section */

/* Begin PBXNativeTarget section */
		5FA1571F29AACF8600143160 /* CodeRage */ = {
			isa = PBXNativeTarget;
			buildConfigurationList = 5FA1574A29AACF8800143160 /* Build configuration list for PBXNativeTarget "CodeRage" */;
			buildPhases = (
				5FA1571C29AACF8600143160 /* Sources */,
				5FA1571D29AACF8600143160 /* Frameworks */,
				5FA1571E29AACF8600143160 /* Resources */,
			);
			buildRules = (
			);
			dependencies = (
			);
			name = CodeRage;
			productName = CodeRage;
			productReference = 5FA1572029AACF8600143160 /* CodeRage.app */;
			productType = "com.apple.product-type.application";
		};
		5FA1573529AACF8800143160 /* CodeRageTests */ = {
			isa = PBXNativeTarget;
			buildConfigurationList = 5FA1574D29AACF8800143160 /* Build configuration list for PBXNativeTarget "CodeRageTests" */;
			buildPhases = (
				5FA1573229AACF8800143160 /* Sources */,
				5FA1573329AACF8800143160 /* Frameworks */,
				5FA1573429AACF8800143160 /* Resources */,
			);
			buildRules = (
			);
			dependencies = (
				5FA1573829AACF8800143160 /* PBXTargetDependency */,
			);
			name = CodeRageTests;
			productName = CodeRageTests;
			productReference = 5FA1573629AACF8800143160 /* CodeRageTests.xctest */;
			productType = "com.apple.product-type.bundle.unit-test";
		};
		5FA1573F29AACF8800143160 /* CodeRageUITests */ = {
			isa = PBXNativeTarget;
			buildConfigurationList = 5FA1575029AACF8800143160 /* Build configuration list for PBXNativeTarget "CodeRageUITests" */;
			buildPhases = (
				5FA1573C29AACF8800143160 /* Sources */,
				5FA1573D29AACF8800143160 /* Frameworks */,
				5FA1573E29AACF8800143160 /* Resources */,
			);
			buildRules = (
			);
			dependencies = (
				5FA1574229AACF8800143160 /* PBXTargetDependency */,
			);
			name = CodeRageUITests;
			productName = CodeRageUITests;
			productReference = 5FA1574029AACF8800143160 /* CodeRageUITests.xctest */;
			productType = "com.apple.product-type.bundle.ui-testing";
		};
/* End PBXNativeTarget section */

/* Begin PBXProject section */
		5FA1571829AACF8600143160 /* Project object */ = {
			isa = PBXProject;
			attributes = {
				BuildIndependentTargetsInParallel = 1;
				LastSwiftUpdateCheck = 1420;
				LastUpgradeCheck = 1420;
				TargetAttributes = {
					5FA1571F29AACF8600143160 = {
						CreatedOnToolsVersion = 14.2;
					};
					5FA1573529AACF8800143160 = {
						CreatedOnToolsVersion = 14.2;
						TestTargetID = 5FA1571F29AACF8600143160;
					};
					5FA1573F29AACF8800143160 = {
						CreatedOnToolsVersion = 14.2;
						TestTargetID = 5FA1571F29AACF8600143160;
					};
				};
			};
			buildConfigurationList = 5FA1571B29AACF8600143160 /* Build configuration list for PBXProject "CodeRage" */;
			compatibilityVersion = "Xcode 14.0";
			developmentRegion = en;
			hasScannedForEncodings = 0;
			knownRegions = (
				en,
				Base,
			);
			mainGroup = 5FA1571729AACF8600143160;
			productRefGroup = 5FA1572129AACF8600143160 /* Products */;
			projectDirPath = "";
			projectRoot = "";
			targets = (
				5FA1571F29AACF8600143160 /* CodeRage */,
				5FA1573529AACF8800143160 /* CodeRageTests */,
				5FA1573F29AACF8800143160 /* CodeRageUITests */,
			);
		};
/* End PBXProject section */

/* Begin PBXResourcesBuildPhase section */
		5FA1571E29AACF8600143160 /* Resources */ = {
			isa = PBXResourcesBuildPhase;
			buildActionMask = 2147483647;
			files = (
				5FA1573029AACF8800143160 /* LaunchScreen.storyboard in Resources */,
				5FA1572D29AACF8800143160 /* Assets.xcassets in Resources */,
				5FA1572B29AACF8600143160 /* Main.storyboard in Resources */,
			);
			runOnlyForDeploymentPostprocessing = 0;
		};
		5FA1573429AACF8800143160 /* Resources */ = {
			isa = PBXResourcesBuildPhase;
			buildActionMask = 2147483647;
			files = (
			);
			runOnlyForDeploymentPostprocessing = 0;
		};
		5FA1573E29AACF8800143160 /* Resources */ = {
			isa = PBXResourcesBuildPhase;
			buildActionMask = 2147483647;
			files = (
			);
			runOnlyForDeploymentPostprocessing = 0;
		};
/* End PBXResourcesBuildPhase section */

/* Begin PBXSourcesBuildPhase section */
		5FA1571C29AACF8600143160 /* Sources */ = {
			isa = PBXSourcesBuildPhase;
			buildActionMask = 2147483647;
			files = (
				5FA1572829AACF8600143160 /* ViewController.swift in Sources */,
				5FA1572429AACF8600143160 /* AppDelegate.swift in Sources */,
				5FA1572629AACF8600143160 /* SceneDelegate.swift in Sources */,
			);
			runOnlyForDeploymentPostprocessing = 0;
		};
		5FA1573229AACF8800143160 /* Sources */ = {
			isa = PBXSourcesBuildPhase;
			buildActionMask = 2147483647;
			files = (
				5FA1573B29AACF8800143160 /* CodeRageTests.swift in Sources */,
			);
			runOnlyForDeploymentPostprocessing = 0;
		};
		5FA1573C29AACF8800143160 /* Sources */ = {
			isa = PBXSourcesBuildPhase;
			buildActionMask = 2147483647;
			files = (
				5FA1574729AACF8800143160 /* CodeRageUITestsLaunchTests.swift in Sources */,
				5FA1574529AACF8800143160 /* CodeRageUITests.swift in Sources */,
			);
			runOnlyForDeploymentPostprocessing = 0;
		};
/* End PBXSourcesBuildPhase section */

/* Begin PBXTargetDependency section */
		5FA1573829AACF8800143160 /* PBXTargetDependency */ = {
			isa = PBXTargetDependency;
			target = 5FA1571F29AACF8600143160 /* CodeRage */;
			targetProxy = 5FA1573729AACF8800143160 /* PBXContainerItemProxy */;
		};
		5FA1574229AACF8800143160 /* PBXTargetDependency */ = {
			isa = PBXTargetDependency;
			target = 5FA1571F29AACF8600143160 /* CodeRage */;
			targetProxy = 5FA1574129AACF8800143160 /* PBXContainerItemProxy */;
		};
/* End PBXTargetDependency section */

/* Begin PBXVariantGroup section */
		5FA1572929AACF8600143160 /* Main.storyboard */ = {
			isa = PBXVariantGroup;
			children = (
				5FA1572A29AACF8600143160 /* Base */,
			);
			name = Main.storyboard;
			sourceTree = "<group>";
		};
		5FA1572E29AACF8800143160 /* LaunchScreen.storyboard */ = {
			isa = PBXVariantGroup;
			children = (
				5FA1572F29AACF8800143160 /* Base */,
			);
			name = LaunchScreen.storyboard;
			sourceTree = "<group>";
		};
/* End PBXVariantGroup section */

/* Begin XCBuildConfiguration section */
		5FA1574829AACF8800143160 /* Debug */ = {
			isa = XCBuildConfiguration;
			buildSettings = {
				ALWAYS_SEARCH_USER_PATHS = NO;
				CLANG_ANALYZER_NONNULL = YES;
				CLANG_ANALYZER_NUMBER_OBJECT_CONVERSION = YES_AGGRESSIVE;
				CLANG_CXX_LANGUAGE_STANDARD = "gnu++20";
				CLANG_ENABLE_MODULES = YES;
				CLANG_ENABLE_OBJC_ARC = YES;
				CLANG_ENABLE_OBJC_WEAK = YES;
				CLANG_WARN_BLOCK_CAPTURE_AUTORELEASING = YES;
				CLANG_WARN_BOOL_CONVERSION = YES;
				CLANG_WARN_COMMA = YES;
				CLANG_WARN_CONSTANT_CONVERSION = YES;
				CLANG_WARN_DEPRECATED_OBJC_IMPLEMENTATIONS = YES;
				CLANG_WARN_DIRECT_OBJC_ISA_USAGE = YES_ERROR;
				CLANG_WARN_DOCUMENTATION_COMMENTS = YES;
				CLANG_WARN_EMPTY_BODY = YES;
				CLANG_WARN_ENUM_CONVERSION = YES;
				CLANG_WARN_INFINITE_RECURSION = YES;
				CLANG_WARN_INT_CONVERSION = YES;
				CLANG_WARN_NON_LITERAL_NULL_CONVERSION = YES;
				CLANG_WARN_OBJC_IMPLICIT_RETAIN_SELF = YES;
				CLANG_WARN_OBJC_LITERAL_CONVERSION = YES;
				CLANG_WARN_OBJC_ROOT_CLASS = YES_ERROR;
				CLANG_WARN_QUOTED_INCLUDE_IN_FRAMEWORK_HEADER = YES;
				CLANG_WARN_RANGE_LOOP_ANALYSIS = YES;
				CLANG_WARN_STRICT_PROTOTYPES = YES;
				CLANG_WARN_SUSPICIOUS_MOVE = YES;
				CLANG_WARN_UNGUARDED_AVAILABILITY = YES_AGGRESSIVE;
				CLANG_WARN_UNREACHABLE_CODE = YES;
				CLANG_WARN__DUPLICATE_METHOD_MATCH = YES;
				COPY_PHASE_STRIP = NO;
				DEBUG_INFORMATION_FORMAT = dwarf;
				ENABLE_STRICT_OBJC_MSGSEND = YES;
				ENABLE_TESTABILITY = YES;
				GCC_C_LANGUAGE_STANDARD = gnu11;
				GCC_DYNAMIC_NO_PIC = NO;
				GCC_NO_COMMON_BLOCKS = YES;
				GCC_OPTIMIZATION_LEVEL = 0;
				GCC_PREPROCESSOR_DEFINITIONS = (
					"DEBUG=1",
					"$(inherited)",
				);
				GCC_WARN_64_TO_32_BIT_CONVERSION = YES;
				GCC_WARN_ABOUT_RETURN_TYPE = YES_ERROR;
				GCC_WARN_UNDECLARED_SELECTOR = YES;
				GCC_WARN_UNINITIALIZED_AUTOS = YES_AGGRESSIVE;
				GCC_WARN_UNUSED_FUNCTION = YES;
				GCC_WARN_UNUSED_VARIABLE = YES;
				IPHONEOS_DEPLOYMENT_TARGET = 16.2;
				MTL_ENABLE_DEBUG_INFO = INCLUDE_SOURCE;
				MTL_FAST_MATH = YES;
				ONLY_ACTIVE_ARCH = YES;
				SDKROOT = iphoneos;
				SWIFT_ACTIVE_COMPILATION_CONDITIONS = DEBUG;
				SWIFT_OPTIMIZATION_LEVEL = "-Onone";
			};
			name = Debug;
		};
		5FA1574929AACF8800143160 /* Release */ = {
			isa = XCBuildConfiguration;
			buildSettings = {
				ALWAYS_SEARCH_USER_PATHS = NO;
				CLANG_ANALYZER_NONNULL = YES;
				CLANG_ANALYZER_NUMBER_OBJECT_CONVERSION = YES_AGGRESSIVE;
				CLANG_CXX_LANGUAGE_STANDARD = "gnu++20";
				CLANG_ENABLE_MODULES = YES;
				CLANG_ENABLE_OBJC_ARC = YES;
				CLANG_ENABLE_OBJC_WEAK = YES;
				CLANG_WARN_BLOCK_CAPTURE_AUTORELEASING = YES;
				CLANG_WARN_BOOL_CONVERSION = YES;
				CLANG_WARN_COMMA = YES;
				CLANG_WARN_CONSTANT_CONVERSION = YES;
				CLANG_WARN_DEPRECATED_OBJC_IMPLEMENTATIONS = YES;
				CLANG_WARN_DIRECT_OBJC_ISA_USAGE = YES_ERROR;
				CLANG_WARN_DOCUMENTATION_COMMENTS = YES;
				CLANG_WARN_EMPTY_BODY = YES;
				CLANG_WARN_ENUM_CONVERSION = YES;
				CLANG_WARN_INFINITE_RECURSION = YES;
				CLANG_WARN_INT_CONVERSION = YES;
				CLANG_WARN_NON_LITERAL_NULL_CONVERSION = YES;
				CLANG_WARN_OBJC_IMPLICIT_RETAIN_SELF = YES;
				CLANG_WARN_OBJC_LITERAL_CONVERSION = YES;
				CLANG_WARN_OBJC_ROOT_CLASS = YES_ERROR;
				CLANG_WARN_QUOTED_INCLUDE_IN_FRAMEWORK_HEADER = YES;
				CLANG_WARN_RANGE_LOOP_ANALYSIS = YES;
				CLANG_WARN_STRICT_PROTOTYPES = YES;
				CLANG_WARN_SUSPICIOUS_MOVE = YES;
				CLANG_WARN_UNGUARDED_AVAILABILITY = YES_AGGRESSIVE;
				CLANG_WARN_UNREACHABLE_CODE = YES;
				CLANG_WARN__DUPLICATE_METHOD_MATCH = YES;
				COPY_PHASE_STRIP = NO;
				DEBUG_INFORMATION_FORMAT = "dwarf-with-dsym";
				ENABLE_NS_ASSERTIONS = NO;
				ENABLE_STRICT_OBJC_MSGSEND = YES;
				GCC_C_LANGUAGE_STANDARD = gnu11;
				GCC_NO_COMMON_BLOCKS = YES;
				GCC_WARN_64_TO_32_BIT_CONVERSION = YES;
				GCC_WARN_ABOUT_RETURN_TYPE = YES_ERROR;
				GCC_WARN_UNDECLARED_SELECTOR = YES;
				GCC_WARN_UNINITIALIZED_AUTOS = YES_AGGRESSIVE;
				GCC_WARN_UNUSED_FUNCTION = YES;
				GCC_WARN_UNUSED_VARIABLE = YES;
				IPHONEOS_DEPLOYMENT_TARGET = 16.2;
				MTL_ENABLE_DEBUG_INFO = NO;
				MTL_FAST_MATH = YES;
				SDKROOT = iphoneos;
				SWIFT_COMPILATION_MODE = wholemodule;
				SWIFT_OPTIMIZATION_LEVEL = "-O";
				VALIDATE_PRODUCT = YES;
			};
			name = Release;
		};
		5FA1574B29AACF8800143160 /* Debug */ = {
			isa = XCBuildConfiguration;
			buildSettings = {
				ASSETCATALOG_COMPILER_APPICON_NAME = AppIcon;
				ASSETCATALOG_COMPILER_GLOBAL_ACCENT_COLOR_NAME = AccentColor;
				CODE_SIGN_STYLE = Automatic;
				CURRENT_PROJECT_VERSION = 1;
				DEVELOPMENT_TEAM = C2C7SNXCHZ;
				GENERATE_INFOPLIST_FILE = YES;
				INFOPLIST_FILE = CodeRage/Info.plist;
				INFOPLIST_KEY_UIApplicationSupportsIndirectInputEvents = YES;
				INFOPLIST_KEY_UILaunchStoryboardName = LaunchScreen;
				INFOPLIST_KEY_UIMainStoryboardFile = Main;
				INFOPLIST_KEY_UISupportedInterfaceOrientations_iPad = "UIInterfaceOrientationPortrait UIInterfaceOrientationPortraitUpsideDown UIInterfaceOrientationLandscapeLeft UIInterfaceOrientationLandscapeRight";
				INFOPLIST_KEY_UISupportedInterfaceOrientations_iPhone = "UIInterfaceOrientationPortrait UIInterfaceOrientationLandscapeLeft UIInterfaceOrientationLandscapeRight";
				LD_RUNPATH_SEARCH_PATHS = (
					"$(inherited)",
					"@executable_path/Frameworks",
				);
				MARKETING_VERSION = 1.0;
				PRODUCT_BUNDLE_IDENTIFIER = Dignital.CodeRage;
				PRODUCT_NAME = "$(TARGET_NAME)";
				SWIFT_EMIT_LOC_STRINGS = YES;
				SWIFT_VERSION = 5.0;
				TARGETED_DEVICE_FAMILY = "1,2";
			};
			name = Debug;
		};
		5FA1574C29AACF8800143160 /* Release */ = {
			isa = XCBuildConfiguration;
			buildSettings = {
				ASSETCATALOG_COMPILER_APPICON_NAME = AppIcon;
				ASSETCATALOG_COMPILER_GLOBAL_ACCENT_COLOR_NAME = AccentColor;
				CODE_SIGN_STYLE = Automatic;
				CURRENT_PROJECT_VERSION = 1;
				DEVELOPMENT_TEAM = C2C7SNXCHZ;
				GENERATE_INFOPLIST_FILE = YES;
				INFOPLIST_FILE = CodeRage/Info.plist;
				INFOPLIST_KEY_UIApplicationSupportsIndirectInputEvents = YES;
				INFOPLIST_KEY_UILaunchStoryboardName = LaunchScreen;
				INFOPLIST_KEY_UIMainStoryboardFile = Main;
				INFOPLIST_KEY_UISupportedInterfaceOrientations_iPad = "UIInterfaceOrientationPortrait UIInterfaceOrientationPortraitUpsideDown UIInterfaceOrientationLandscapeLeft UIInterfaceOrientationLandscapeRight";
				INFOPLIST_KEY_UISupportedInterfaceOrientations_iPhone = "UIInterfaceOrientationPortrait UIInterfaceOrientationLandscapeLeft UIInterfaceOrientationLandscapeRight";
				LD_RUNPATH_SEARCH_PATHS = (
					"$(inherited)",
					"@executable_path/Frameworks",
				);
				MARKETING_VERSION = 1.0;
				PRODUCT_BUNDLE_IDENTIFIER = Dignital.CodeRage;
				PRODUCT_NAME = "$(TARGET_NAME)";
				SWIFT_EMIT_LOC_STRINGS = YES;
				SWIFT_VERSION = 5.0;
				TARGETED_DEVICE_FAMILY = "1,2";
			};
			name = Release;
		};
		5FA1574E29AACF8800143160 /* Debug */ = {
			isa = XCBuildConfiguration;
			buildSettings = {
				ALWAYS_EMBED_SWIFT_STANDARD_LIBRARIES = YES;
				BUNDLE_LOADER = "$(TEST_HOST)";
				CODE_SIGN_STYLE = Automatic;
				CURRENT_PROJECT_VERSION = 1;
				DEVELOPMENT_TEAM = C2C7SNXCHZ;
				GENERATE_INFOPLIST_FILE = YES;
				IPHONEOS_DEPLOYMENT_TARGET = 16.2;
				MARKETING_VERSION = 1.0;
				PRODUCT_BUNDLE_IDENTIFIER = Dignital.CodeRageTests;
				PRODUCT_NAME = "$(TARGET_NAME)";
				SWIFT_EMIT_LOC_STRINGS = NO;
				SWIFT_VERSION = 5.0;
				TARGETED_DEVICE_FAMILY = "1,2";
				TEST_HOST = "$(BUILT_PRODUCTS_DIR)/CodeRage.app/$(BUNDLE_EXECUTABLE_FOLDER_PATH)/CodeRage";
			};
			name = Debug;
		};
		5FA1574F29AACF8800143160 /* Release */ = {
			isa = XCBuildConfiguration;
			buildSettings = {
				ALWAYS_EMBED_SWIFT_STANDARD_LIBRARIES = YES;
				BUNDLE_LOADER = "$(TEST_HOST)";
				CODE_SIGN_STYLE = Automatic;
				CURRENT_PROJECT_VERSION = 1;
				DEVELOPMENT_TEAM = C2C7SNXCHZ;
				GENERATE_INFOPLIST_FILE = YES;
				IPHONEOS_DEPLOYMENT_TARGET = 16.2;
				MARKETING_VERSION = 1.0;
				PRODUCT_BUNDLE_IDENTIFIER = Dignital.CodeRageTests;
				PRODUCT_NAME = "$(TARGET_NAME)";
				SWIFT_EMIT_LOC_STRINGS = NO;
				SWIFT_VERSION = 5.0;
				TARGETED_DEVICE_FAMILY = "1,2";
				TEST_HOST = "$(BUILT_PRODUCTS_DIR)/CodeRage.app/$(BUNDLE_EXECUTABLE_FOLDER_PATH)/CodeRage";
			};
			name = Release;
		};
		5FA1575129AACF8800143160 /* Debug */ = {
			isa = XCBuildConfiguration;
			buildSettings = {
				ALWAYS_EMBED_SWIFT_STANDARD_LIBRARIES = YES;
				CODE_SIGN_STYLE = Automatic;
				CURRENT_PROJECT_VERSION = 1;
				DEVELOPMENT_TEAM = C2C7SNXCHZ;
				GENERATE_INFOPLIST_FILE = YES;
				MARKETING_VERSION = 1.0;
				PRODUCT_BUNDLE_IDENTIFIER = Dignital.CodeRageUITests;
				PRODUCT_NAME = "$(TARGET_NAME)";
				SWIFT_EMIT_LOC_STRINGS = NO;
				SWIFT_VERSION = 5.0;
				TARGETED_DEVICE_FAMILY = "1,2";
				TEST_TARGET_NAME = CodeRage;
			};
			name = Debug;
		};
		5FA1575229AACF8800143160 /* Release */ = {
			isa = XCBuildConfiguration;
			buildSettings = {
				ALWAYS_EMBED_SWIFT_STANDARD_LIBRARIES = YES;
				CODE_SIGN_STYLE = Automatic;
				CURRENT_PROJECT_VERSION = 1;
				DEVELOPMENT_TEAM = C2C7SNXCHZ;
				GENERATE_INFOPLIST_FILE = YES;
				MARKETING_VERSION = 1.0;
				PRODUCT_BUNDLE_IDENTIFIER = Dignital.CodeRageUITests;
				PRODUCT_NAME = "$(TARGET_NAME)";
				SWIFT_EMIT_LOC_STRINGS = NO;
				SWIFT_VERSION = 5.0;
				TARGETED_DEVICE_FAMILY = "1,2";
				TEST_TARGET_NAME = CodeRage;
			};
			name = Release;
		};
/* End XCBuildConfiguration section */

/* Begin XCConfigurationList section */
		5FA1571B29AACF8600143160 /* Build configuration list for PBXProject "CodeRage" */ = {
			isa = XCConfigurationList;
			buildConfigurations = (
				5FA1574829AACF8800143160 /* Debug */,
				5FA1574929AACF8800143160 /* Release */,
			);
			defaultConfigurationIsVisible = 0;
			defaultConfigurationName = Release;
		};
		5FA1574A29AACF8800143160 /* Build configuration list for PBXNativeTarget "CodeRage" */ = {
			isa = XCConfigurationList;
			buildConfigurations = (
				5FA1574B29AACF8800143160 /* Debug */,
				5FA1574C29AACF8800143160 /* Release */,
			);
			defaultConfigurationIsVisible = 0;
			defaultConfigurationName = Release;
		};
		5FA1574D29AACF8800143160 /* Build configuration list for PBXNativeTarget "CodeRageTests" */ = {
			isa = XCConfigurationList;
			buildConfigurations = (
				5FA1574E29AACF8800143160 /* Debug */,
				5FA1574F29AACF8800143160 /* Release */,
			);
			defaultConfigurationIsVisible = 0;
			defaultConfigurationName = Release;
		};
		5FA1575029AACF8800143160 /* Build configuration list for PBXNativeTarget "CodeRageUITests" */ = {
			isa = XCConfigurationList;
			buildConfigurations = (
				5FA1575129AACF8800143160 /* Debug */,
				5FA1575229AACF8800143160 /* Release */,
			);
			defaultConfigurationIsVisible = 0;
			defaultConfigurationName = Release;
		};
/* End XCConfigurationList section */
	};
	rootObject = 5FA1571829AACF8600143160 /* Project object */;
}
